// !$*UTF8*$!
{
	archiveVersion = 1;
	classes = {
	};
	objectVersion = 46;
	objects = {

/* Begin PBXBuildFile section */
		D05BC7F0193F714100F87FDD /* Foundation.framework in Frameworks */ = {isa = PBXBuildFile; fileRef = D05BC7EF193F714100F87FDD /* Foundation.framework */; };
		D05BC7F2193F714100F87FDD /* CoreGraphics.framework in Frameworks */ = {isa = PBXBuildFile; fileRef = D05BC7F1193F714100F87FDD /* CoreGraphics.framework */; };
		D05BC7F4193F714100F87FDD /* UIKit.framework in Frameworks */ = {isa = PBXBuildFile; fileRef = D05BC7F3193F714100F87FDD /* UIKit.framework */; };
		D05BC7F6193F714100F87FDD /* CoreData.framework in Frameworks */ = {isa = PBXBuildFile; fileRef = D05BC7F5193F714100F87FDD /* CoreData.framework */; };
		D05BC7FC193F714100F87FDD /* InfoPlist.strings in Resources */ = {isa = PBXBuildFile; fileRef = D05BC7FA193F714100F87FDD /* InfoPlist.strings */; };
		D05BC7FE193F714100F87FDD /* main.m in Sources */ = {isa = PBXBuildFile; fileRef = D05BC7FD193F714100F87FDD /* main.m */; };
		D05BC802193F714100F87FDD /* AppDelegate.m in Sources */ = {isa = PBXBuildFile; fileRef = D05BC801193F714100F87FDD /* AppDelegate.m */; };
		D05BC805193F714100F87FDD /* Main.storyboard in Resources */ = {isa = PBXBuildFile; fileRef = D05BC803193F714100F87FDD /* Main.storyboard */; };
		D05BC808193F714100F87FDD /* RaidPlanner.xcdatamodeld in Sources */ = {isa = PBXBuildFile; fileRef = D05BC806193F714100F87FDD /* RaidPlanner.xcdatamodeld */; };
		D05BC80B193F714100F87FDD /* MasterViewController.m in Sources */ = {isa = PBXBuildFile; fileRef = D05BC80A193F714100F87FDD /* MasterViewController.m */; };
		D05BC80E193F714100F87FDD /* DetailViewController.m in Sources */ = {isa = PBXBuildFile; fileRef = D05BC80D193F714100F87FDD /* DetailViewController.m */; };
		D05BC810193F714100F87FDD /* Images.xcassets in Resources */ = {isa = PBXBuildFile; fileRef = D05BC80F193F714100F87FDD /* Images.xcassets */; };
		D05BC817193F714100F87FDD /* XCTest.framework in Frameworks */ = {isa = PBXBuildFile; fileRef = D05BC816193F714100F87FDD /* XCTest.framework */; };
		D05BC818193F714100F87FDD /* Foundation.framework in Frameworks */ = {isa = PBXBuildFile; fileRef = D05BC7EF193F714100F87FDD /* Foundation.framework */; };
		D05BC819193F714100F87FDD /* UIKit.framework in Frameworks */ = {isa = PBXBuildFile; fileRef = D05BC7F3193F714100F87FDD /* UIKit.framework */; };
		D05BC81A193F714100F87FDD /* CoreData.framework in Frameworks */ = {isa = PBXBuildFile; fileRef = D05BC7F5193F714100F87FDD /* CoreData.framework */; };
		D05BC822193F714100F87FDD /* InfoPlist.strings in Resources */ = {isa = PBXBuildFile; fileRef = D05BC820193F714100F87FDD /* InfoPlist.strings */; };
		D05BC824193F714100F87FDD /* RaidPlannerTests.m in Sources */ = {isa = PBXBuildFile; fileRef = D05BC823193F714100F87FDD /* RaidPlannerTests.m */; };
		D05BC82F193F734D00F87FDD /* Raid.m in Sources */ = {isa = PBXBuildFile; fileRef = D05BC82E193F734D00F87FDD /* Raid.m */; };
		D05BC832193F734D00F87FDD /* Adventurer.m in Sources */ = {isa = PBXBuildFile; fileRef = D05BC831193F734D00F87FDD /* Adventurer.m */; };
/* End PBXBuildFile section */

/* Begin PBXContainerItemProxy section */
		D05BC81B193F714100F87FDD /* PBXContainerItemProxy */ = {
			isa = PBXContainerItemProxy;
			containerPortal = D05BC7E4193F714100F87FDD /* Project object */;
			proxyType = 1;
			remoteGlobalIDString = D05BC7EB193F714100F87FDD;
			remoteInfo = RaidPlanner;
		};
/* End PBXContainerItemProxy section */

/* Begin PBXFileReference section */
		D05BC7EC193F714100F87FDD /* RaidPlanner.app */ = {isa = PBXFileReference; explicitFileType = wrapper.application; includeInIndex = 0; path = RaidPlanner.app; sourceTree = BUILT_PRODUCTS_DIR; };
		D05BC7EF193F714100F87FDD /* Foundation.framework */ = {isa = PBXFileReference; lastKnownFileType = wrapper.framework; name = Foundation.framework; path = System/Library/Frameworks/Foundation.framework; sourceTree = SDKROOT; };
		D05BC7F1193F714100F87FDD /* CoreGraphics.framework */ = {isa = PBXFileReference; lastKnownFileType = wrapper.framework; name = CoreGraphics.framework; path = System/Library/Frameworks/CoreGraphics.framework; sourceTree = SDKROOT; };
		D05BC7F3193F714100F87FDD /* UIKit.framework */ = {isa = PBXFileReference; lastKnownFileType = wrapper.framework; name = UIKit.framework; path = System/Library/Frameworks/UIKit.framework; sourceTree = SDKROOT; };
		D05BC7F5193F714100F87FDD /* CoreData.framework */ = {isa = PBXFileReference; lastKnownFileType = wrapper.framework; name = CoreData.framework; path = System/Library/Frameworks/CoreData.framework; sourceTree = SDKROOT; };
		D05BC7F9193F714100F87FDD /* RaidPlanner-Info.plist */ = {isa = PBXFileReference; lastKnownFileType = text.plist.xml; path = "RaidPlanner-Info.plist"; sourceTree = "<group>"; };
		D05BC7FB193F714100F87FDD /* en */ = {isa = PBXFileReference; lastKnownFileType = text.plist.strings; name = en; path = en.lproj/InfoPlist.strings; sourceTree = "<group>"; };
		D05BC7FD193F714100F87FDD /* main.m */ = {isa = PBXFileReference; lastKnownFileType = sourcecode.c.objc; path = main.m; sourceTree = "<group>"; };
		D05BC7FF193F714100F87FDD /* RaidPlanner-Prefix.pch */ = {isa = PBXFileReference; lastKnownFileType = sourcecode.c.h; path = "RaidPlanner-Prefix.pch"; sourceTree = "<group>"; };
		D05BC800193F714100F87FDD /* AppDelegate.h */ = {isa = PBXFileReference; lastKnownFileType = sourcecode.c.h; path = AppDelegate.h; sourceTree = "<group>"; };
		D05BC801193F714100F87FDD /* AppDelegate.m */ = {isa = PBXFileReference; lastKnownFileType = sourcecode.c.objc; path = AppDelegate.m; sourceTree = "<group>"; };
		D05BC804193F714100F87FDD /* Base */ = {isa = PBXFileReference; lastKnownFileType = file.storyboard; name = Base; path = Base.lproj/Main.storyboard; sourceTree = "<group>"; };
		D05BC807193F714100F87FDD /* RaidPlanner.xcdatamodel */ = {isa = PBXFileReference; lastKnownFileType = wrapper.xcdatamodel; path = RaidPlanner.xcdatamodel; sourceTree = "<group>"; };
		D05BC809193F714100F87FDD /* MasterViewController.h */ = {isa = PBXFileReference; lastKnownFileType = sourcecode.c.h; path = MasterViewController.h; sourceTree = "<group>"; };
		D05BC80A193F714100F87FDD /* MasterViewController.m */ = {isa = PBXFileReference; lastKnownFileType = sourcecode.c.objc; path = MasterViewController.m; sourceTree = "<group>"; };
		D05BC80C193F714100F87FDD /* DetailViewController.h */ = {isa = PBXFileReference; lastKnownFileType = sourcecode.c.h; path = DetailViewController.h; sourceTree = "<group>"; };
		D05BC80D193F714100F87FDD /* DetailViewController.m */ = {isa = PBXFileReference; lastKnownFileType = sourcecode.c.objc; path = DetailViewController.m; sourceTree = "<group>"; };
		D05BC80F193F714100F87FDD /* Images.xcassets */ = {isa = PBXFileReference; lastKnownFileType = folder.assetcatalog; path = Images.xcassets; sourceTree = "<group>"; };
		D05BC815193F714100F87FDD /* RaidPlannerTests.xctest */ = {isa = PBXFileReference; explicitFileType = wrapper.cfbundle; includeInIndex = 0; path = RaidPlannerTests.xctest; sourceTree = BUILT_PRODUCTS_DIR; };
		D05BC816193F714100F87FDD /* XCTest.framework */ = {isa = PBXFileReference; lastKnownFileType = wrapper.framework; name = XCTest.framework; path = Library/Frameworks/XCTest.framework; sourceTree = DEVELOPER_DIR; };
		D05BC81F193F714100F87FDD /* RaidPlannerTests-Info.plist */ = {isa = PBXFileReference; lastKnownFileType = text.plist.xml; path = "RaidPlannerTests-Info.plist"; sourceTree = "<group>"; };
		D05BC821193F714100F87FDD /* en */ = {isa = PBXFileReference; lastKnownFileType = text.plist.strings; name = en; path = en.lproj/InfoPlist.strings; sourceTree = "<group>"; };
		D05BC823193F714100F87FDD /* RaidPlannerTests.m */ = {isa = PBXFileReference; lastKnownFileType = sourcecode.c.objc; path = RaidPlannerTests.m; sourceTree = "<group>"; };
		D05BC82D193F734D00F87FDD /* Raid.h */ = {isa = PBXFileReference; fileEncoding = 4; lastKnownFileType = sourcecode.c.h; path = Raid.h; sourceTree = "<group>"; };
		D05BC82E193F734D00F87FDD /* Raid.m */ = {isa = PBXFileReference; fileEncoding = 4; lastKnownFileType = sourcecode.c.objc; path = Raid.m; sourceTree = "<group>"; };
		D05BC830193F734D00F87FDD /* Adventurer.h */ = {isa = PBXFileReference; fileEncoding = 4; lastKnownFileType = sourcecode.c.h; path = Adventurer.h; sourceTree = "<group>"; };
		D05BC831193F734D00F87FDD /* Adventurer.m */ = {isa = PBXFileReference; fileEncoding = 4; lastKnownFileType = sourcecode.c.objc; path = Adventurer.m; sourceTree = "<group>"; };
/* End PBXFileReference section */

/* Begin PBXFrameworksBuildPhase section */
		D05BC7E9193F714100F87FDD /* Frameworks */ = {
			isa = PBXFrameworksBuildPhase;
			buildActionMask = 2147483647;
			files = (
				D05BC7F2193F714100F87FDD /* CoreGraphics.framework in Frameworks */,
				D05BC7F6193F714100F87FDD /* CoreData.framework in Frameworks */,
				D05BC7F4193F714100F87FDD /* UIKit.framework in Frameworks */,
				D05BC7F0193F714100F87FDD /* Foundation.framework in Frameworks */,
			);
			runOnlyForDeploymentPostprocessing = 0;
		};
		D05BC812193F714100F87FDD /* Frameworks */ = {
			isa = PBXFrameworksBuildPhase;
			buildActionMask = 2147483647;
			files = (
				D05BC817193F714100F87FDD /* XCTest.framework in Frameworks */,
				D05BC81A193F714100F87FDD /* CoreData.framework in Frameworks */,
				D05BC819193F714100F87FDD /* UIKit.framework in Frameworks */,
				D05BC818193F714100F87FDD /* Foundation.framework in Frameworks */,
			);
			runOnlyForDeploymentPostprocessing = 0;
		};
/* End PBXFrameworksBuildPhase section */

/* Begin PBXGroup section */
		D05BC7E3193F714100F87FDD = {
			isa = PBXGroup;
			children = (
				D05BC7F7193F714100F87FDD /* RaidPlanner */,
				D05BC81D193F714100F87FDD /* RaidPlannerTests */,
				D05BC7EE193F714100F87FDD /* Frameworks */,
				D05BC7ED193F714100F87FDD /* Products */,
			);
			sourceTree = "<group>";
		};
		D05BC7ED193F714100F87FDD /* Products */ = {
			isa = PBXGroup;
			children = (
				D05BC7EC193F714100F87FDD /* RaidPlanner.app */,
				D05BC815193F714100F87FDD /* RaidPlannerTests.xctest */,
			);
			name = Products;
			sourceTree = "<group>";
		};
		D05BC7EE193F714100F87FDD /* Frameworks */ = {
			isa = PBXGroup;
			children = (
				D05BC7EF193F714100F87FDD /* Foundation.framework */,
				D05BC7F1193F714100F87FDD /* CoreGraphics.framework */,
				D05BC7F3193F714100F87FDD /* UIKit.framework */,
				D05BC7F5193F714100F87FDD /* CoreData.framework */,
				D05BC816193F714100F87FDD /* XCTest.framework */,
			);
			name = Frameworks;
			sourceTree = "<group>";
		};
		D05BC7F7193F714100F87FDD /* RaidPlanner */ = {
			isa = PBXGroup;
			children = (
				D05BC800193F714100F87FDD /* AppDelegate.h */,
				D05BC801193F714100F87FDD /* AppDelegate.m */,
				D05BC803193F714100F87FDD /* Main.storyboard */,
				D05BC809193F714100F87FDD /* MasterViewController.h */,
				D05BC80A193F714100F87FDD /* MasterViewController.m */,
				D05BC80C193F714100F87FDD /* DetailViewController.h */,
				D05BC80D193F714100F87FDD /* DetailViewController.m */,
				D05BC80F193F714100F87FDD /* Images.xcassets */,
				D05BC806193F714100F87FDD /* RaidPlanner.xcdatamodeld */,
				D05BC830193F734D00F87FDD /* Adventurer.h */,
				D05BC831193F734D00F87FDD /* Adventurer.m */,
				D05BC82D193F734D00F87FDD /* Raid.h */,
				D05BC82E193F734D00F87FDD /* Raid.m */,
				D05BC7F8193F714100F87FDD /* Supporting Files */,
			);
			path = RaidPlanner;
			sourceTree = "<group>";
		};
		D05BC7F8193F714100F87FDD /* Supporting Files */ = {
			isa = PBXGroup;
			children = (
				D05BC7F9193F714100F87FDD /* RaidPlanner-Info.plist */,
				D05BC7FA193F714100F87FDD /* InfoPlist.strings */,
				D05BC7FD193F714100F87FDD /* main.m */,
				D05BC7FF193F714100F87FDD /* RaidPlanner-Prefix.pch */,
			);
			name = "Supporting Files";
			sourceTree = "<group>";
		};
		D05BC81D193F714100F87FDD /* RaidPlannerTests */ = {
			isa = PBXGroup;
			children = (
				D05BC823193F714100F87FDD /* RaidPlannerTests.m */,
				D05BC81E193F714100F87FDD /* Supporting Files */,
			);
			path = RaidPlannerTests;
			sourceTree = "<group>";
		};
		D05BC81E193F714100F87FDD /* Supporting Files */ = {
			isa = PBXGroup;
			children = (
				D05BC81F193F714100F87FDD /* RaidPlannerTests-Info.plist */,
				D05BC820193F714100F87FDD /* InfoPlist.strings */,
			);
			name = "Supporting Files";
			sourceTree = "<group>";
		};
/* End PBXGroup section */

/* Begin PBXNativeTarget section */
		D05BC7EB193F714100F87FDD /* RaidPlanner */ = {
			isa = PBXNativeTarget;
			buildConfigurationList = D05BC827193F714100F87FDD /* Build configuration list for PBXNativeTarget "RaidPlanner" */;
			buildPhases = (
				D05BC7E8193F714100F87FDD /* Sources */,
				D05BC7E9193F714100F87FDD /* Frameworks */,
				D05BC7EA193F714100F87FDD /* Resources */,
			);
			buildRules = (
			);
			dependencies = (
			);
			name = RaidPlanner;
			productName = RaidPlanner;
			productReference = D05BC7EC193F714100F87FDD /* RaidPlanner.app */;
			productType = "com.apple.product-type.application";
		};
		D05BC814193F714100F87FDD /* RaidPlannerTests */ = {
			isa = PBXNativeTarget;
			buildConfigurationList = D05BC82A193F714100F87FDD /* Build configuration list for PBXNativeTarget "RaidPlannerTests" */;
			buildPhases = (
				D05BC811193F714100F87FDD /* Sources */,
				D05BC812193F714100F87FDD /* Frameworks */,
				D05BC813193F714100F87FDD /* Resources */,
			);
			buildRules = (
			);
			dependencies = (
				D05BC81C193F714100F87FDD /* PBXTargetDependency */,
			);
			name = RaidPlannerTests;
			productName = RaidPlannerTests;
			productReference = D05BC815193F714100F87FDD /* RaidPlannerTests.xctest */;
			productType = "com.apple.product-type.bundle.unit-test";
		};
/* End PBXNativeTarget section */

/* Begin PBXProject section */
		D05BC7E4193F714100F87FDD /* Project object */ = {
			isa = PBXProject;
			attributes = {
				LastUpgradeCheck = 0510;
				ORGANIZATIONNAME = "Ryan Tiltz";
				TargetAttributes = {
					D05BC814193F714100F87FDD = {
						TestTargetID = D05BC7EB193F714100F87FDD;
					};
				};
			};
			buildConfigurationList = D05BC7E7193F714100F87FDD /* Build configuration list for PBXProject "RaidPlanner" */;
			compatibilityVersion = "Xcode 3.2";
			developmentRegion = English;
			hasScannedForEncodings = 0;
			knownRegions = (
				en,
				Base,
			);
			mainGroup = D05BC7E3193F714100F87FDD;
			productRefGroup = D05BC7ED193F714100F87FDD /* Products */;
			projectDirPath = "";
			projectRoot = "";
			targets = (
				D05BC7EB193F714100F87FDD /* RaidPlanner */,
				D05BC814193F714100F87FDD /* RaidPlannerTests */,
			);
		};
/* End PBXProject section */

/* Begin PBXResourcesBuildPhase section */
		D05BC7EA193F714100F87FDD /* Resources */ = {
			isa = PBXResourcesBuildPhase;
			buildActionMask = 2147483647;
			files = (
				D05BC810193F714100F87FDD /* Images.xcassets in Resources */,
				D05BC7FC193F714100F87FDD /* InfoPlist.strings in Resources */,
				D05BC805193F714100F87FDD /* Main.storyboard in Resources */,
			);
			runOnlyForDeploymentPostprocessing = 0;
		};
		D05BC813193F714100F87FDD /* Resources */ = {
			isa = PBXResourcesBuildPhase;
			buildActionMask = 2147483647;
			files = (
				D05BC822193F714100F87FDD /* InfoPlist.strings in Resources */,
			);
			runOnlyForDeploymentPostprocessing = 0;
		};
/* End PBXResourcesBuildPhase section */

/* Begin PBXSourcesBuildPhase section */
		D05BC7E8193F714100F87FDD /* Sources */ = {
			isa = PBXSourcesBuildPhase;
			buildActionMask = 2147483647;
			files = (
				D05BC80E193F714100F87FDD /* DetailViewController.m in Sources */,
				D05BC832193F734D00F87FDD /* Adventurer.m in Sources */,
				D05BC80B193F714100F87FDD /* MasterViewController.m in Sources */,
				D05BC802193F714100F87FDD /* AppDelegate.m in Sources */,
				D05BC808193F714100F87FDD /* RaidPlanner.xcdatamodeld in Sources */,
				D05BC7FE193F714100F87FDD /* main.m in Sources */,
				D05BC82F193F734D00F87FDD /* Raid.m in Sources */,
			);
			runOnlyForDeploymentPostprocessing = 0;
		};
		D05BC811193F714100F87FDD /* Sources */ = {
			isa = PBXSourcesBuildPhase;
			buildActionMask = 2147483647;
			files = (
				D05BC824193F714100F87FDD /* RaidPlannerTests.m in Sources */,
			);
			runOnlyForDeploymentPostprocessing = 0;
		};
/* End PBXSourcesBuildPhase section */

/* Begin PBXTargetDependency section */
		D05BC81C193F714100F87FDD /* PBXTargetDependency */ = {
			isa = PBXTargetDependency;
			target = D05BC7EB193F714100F87FDD /* RaidPlanner */;
			targetProxy = D05BC81B193F714100F87FDD /* PBXContainerItemProxy */;
		};
/* End PBXTargetDependency section */

/* Begin PBXVariantGroup section */
		D05BC7FA193F714100F87FDD /* InfoPlist.strings */ = {
			isa = PBXVariantGroup;
			children = (
				D05BC7FB193F714100F87FDD /* en */,
			);
			name = InfoPlist.strings;
			sourceTree = "<group>";
		};
		D05BC803193F714100F87FDD /* Main.storyboard */ = {
			isa = PBXVariantGroup;
			children = (
				D05BC804193F714100F87FDD /* Base */,
			);
			name = Main.storyboard;
			sourceTree = "<group>";
		};
		D05BC820193F714100F87FDD /* InfoPlist.strings */ = {
			isa = PBXVariantGroup;
			children = (
				D05BC821193F714100F87FDD /* en */,
			);
			name = InfoPlist.strings;
			sourceTree = "<group>";
		};
/* End PBXVariantGroup section */

/* Begin XCBuildConfiguration section */
		D05BC825193F714100F87FDD /* Debug */ = {
			isa = XCBuildConfiguration;
			buildSettings = {
				ALWAYS_SEARCH_USER_PATHS = NO;
				CLANG_CXX_LANGUAGE_STANDARD = "gnu++0x";
				CLANG_CXX_LIBRARY = "libc++";
				CLANG_ENABLE_MODULES = YES;
				CLANG_ENABLE_OBJC_ARC = YES;
				CLANG_WARN_BOOL_CONVERSION = YES;
				CLANG_WARN_CONSTANT_CONVERSION = YES;
				CLANG_WARN_DIRECT_OBJC_ISA_USAGE = YES_ERROR;
				CLANG_WARN_EMPTY_BODY = YES;
				CLANG_WARN_ENUM_CONVERSION = YES;
				CLANG_WARN_INT_CONVERSION = YES;
				CLANG_WARN_OBJC_ROOT_CLASS = YES_ERROR;
				CLANG_WARN__DUPLICATE_METHOD_MATCH = YES;
				"CODE_SIGN_IDENTITY[sdk=iphoneos*]" = "iPhone Developer";
				COPY_PHASE_STRIP = NO;
				GCC_C_LANGUAGE_STANDARD = gnu99;
				GCC_DYNAMIC_NO_PIC = NO;
				GCC_OPTIMIZATION_LEVEL = 0;
				GCC_PREPROCESSOR_DEFINITIONS = (
					"DEBUG=1",
					"$(inherited)",
				);
				GCC_SYMBOLS_PRIVATE_EXTERN = NO;
				GCC_WARN_64_TO_32_BIT_CONVERSION = YES;
				GCC_WARN_ABOUT_RETURN_TYPE = YES_ERROR;
				GCC_WARN_UNDECLARED_SELECTOR = YES;
				GCC_WARN_UNINITIALIZED_AUTOS = YES_AGGRESSIVE;
				GCC_WARN_UNUSED_FUNCTION = YES;
				GCC_WARN_UNUSED_VARIABLE = YES;
				IPHONEOS_DEPLOYMENT_TARGET = 7.1;
				ONLY_ACTIVE_ARCH = YES;
				SDKROOT = iphoneos;
			};
			name = Debug;
		};
		D05BC826193F714100F87FDD /* Release */ = {
			isa = XCBuildConfiguration;
			buildSettings = {
				ALWAYS_SEARCH_USER_PATHS = NO;
				CLANG_CXX_LANGUAGE_STANDARD = "gnu++0x";
				CLANG_CXX_LIBRARY = "libc++";
				CLANG_ENABLE_MODULES = YES;
				CLANG_ENABLE_OBJC_ARC = YES;
				CLANG_WARN_BOOL_CONVERSION = YES;
				CLANG_WARN_CONSTANT_CONVERSION = YES;
				CLANG_WARN_DIRECT_OBJC_ISA_USAGE = YES_ERROR;
				CLANG_WARN_EMPTY_BODY = YES;
				CLANG_WARN_ENUM_CONVERSION = YES;
				CLANG_WARN_INT_CONVERSION = YES;
				CLANG_WARN_OBJC_ROOT_CLASS = YES_ERROR;
				CLANG_WARN__DUPLICATE_METHOD_MATCH = YES;
				"CODE_SIGN_IDENTITY[sdk=iphoneos*]" = "iPhone Developer";
				COPY_PHASE_STRIP = YES;
				ENABLE_NS_ASSERTIONS = NO;
				GCC_C_LANGUAGE_STANDARD = gnu99;
				GCC_WARN_64_TO_32_BIT_CONVERSION = YES;
				GCC_WARN_ABOUT_RETURN_TYPE = YES_ERROR;
				GCC_WARN_UNDECLARED_SELECTOR = YES;
				GCC_WARN_UNINITIALIZED_AUTOS = YES_AGGRESSIVE;
				GCC_WARN_UNUSED_FUNCTION = YES;
				GCC_WARN_UNUSED_VARIABLE = YES;
				IPHONEOS_DEPLOYMENT_TARGET = 7.1;
				SDKROOT = iphoneos;
				VALIDATE_PRODUCT = YES;
			};
			name = Release;
		};
		D05BC828193F714100F87FDD /* Debug */ = {
			isa = XCBuildConfiguration;
			buildSettings = {
				ASSETCATALOG_COMPILER_APPICON_NAME = AppIcon;
				ASSETCATALOG_COMPILER_LAUNCHIMAGE_NAME = LaunchImage;
				GCC_PRECOMPILE_PREFIX_HEADER = YES;
				GCC_PREFIX_HEADER = "RaidPlanner/RaidPlanner-Prefix.pch";
				INFOPLIST_FILE = "RaidPlanner/RaidPlanner-Info.plist";
				PRODUCT_NAME = "$(TARGET_NAME)";
				WRAPPER_EXTENSION = app;
			};
			name = Debug;
		};
		D05BC829193F714100F87FDD /* Release */ = {
			isa = XCBuildConfiguration;
			buildSettings = {
				ASSETCATALOG_COMPILER_APPICON_NAME = AppIcon;
				ASSETCATALOG_COMPILER_LAUNCHIMAGE_NAME = LaunchImage;
				GCC_PRECOMPILE_PREFIX_HEADER = YES;
				GCC_PREFIX_HEADER = "RaidPlanner/RaidPlanner-Prefix.pch";
				INFOPLIST_FILE = "RaidPlanner/RaidPlanner-Info.plist";
				PRODUCT_NAME = "$(TARGET_NAME)";
				WRAPPER_EXTENSION = app;
			};
			name = Release;
		};
		D05BC82B193F714100F87FDD /* Debug */ = {
			isa = XCBuildConfiguration;
			buildSettings = {
				BUNDLE_LOADER = "$(BUILT_PRODUCTS_DIR)/RaidPlanner.app/RaidPlanner";
				FRAMEWORK_SEARCH_PATHS = (
					"$(SDKROOT)/Developer/Library/Frameworks",
					"$(inherited)",
					"$(DEVELOPER_FRAMEWORKS_DIR)",
				);
				GCC_PRECOMPILE_PREFIX_HEADER = YES;
				GCC_PREFIX_HEADER = "RaidPlanner/RaidPlanner-Prefix.pch";
				GCC_PREPROCESSOR_DEFINITIONS = (
					"DEBUG=1",
					"$(inherited)",
				);
				INFOPLIST_FILE = "RaidPlannerTests/RaidPlannerTests-Info.plist";
				PRODUCT_NAME = "$(TARGET_NAME)";
				TEST_HOST = "$(BUNDLE_LOADER)";
				WRAPPER_EXTENSION = xctest;
			};
			name = Debug;
		};
		D05BC82C193F714100F87FDD /* Release */ = {
			isa = XCBuildConfiguration;
			buildSettings = {
				BUNDLE_LOADER = "$(BUILT_PRODUCTS_DIR)/RaidPlanner.app/RaidPlanner";
				FRAMEWORK_SEARCH_PATHS = (
					"$(SDKROOT)/Developer/Library/Frameworks",
					"$(inherited)",
					"$(DEVELOPER_FRAMEWORKS_DIR)",
				);
				GCC_PRECOMPILE_PREFIX_HEADER = YES;
				GCC_PREFIX_HEADER = "RaidPlanner/RaidPlanner-Prefix.pch";
				INFOPLIST_FILE = "RaidPlannerTests/RaidPlannerTests-Info.plist";
				PRODUCT_NAME = "$(TARGET_NAME)";
				TEST_HOST = "$(BUNDLE_LOADER)";
				WRAPPER_EXTENSION = xctest;
			};
			name = Release;
		};
/* End XCBuildConfiguration section */

/* Begin XCConfigurationList section */
		D05BC7E7193F714100F87FDD /* Build configuration list for PBXProject "RaidPlanner" */ = {
			isa = XCConfigurationList;
			buildConfigurations = (
				D05BC825193F714100F87FDD /* Debug */,
				D05BC826193F714100F87FDD /* Release */,
			);
			defaultConfigurationIsVisible = 0;
			defaultConfigurationName = Release;
		};
		D05BC827193F714100F87FDD /* Build configuration list for PBXNativeTarget "RaidPlanner" */ = {
			isa = XCConfigurationList;
			buildConfigurations = (
				D05BC828193F714100F87FDD /* Debug */,
				D05BC829193F714100F87FDD /* Release */,
			);
			defaultConfigurationIsVisible = 0;
		};
		D05BC82A193F714100F87FDD /* Build configuration list for PBXNativeTarget "RaidPlannerTests" */ = {
			isa = XCConfigurationList;
			buildConfigurations = (
				D05BC82B193F714100F87FDD /* Debug */,
				D05BC82C193F714100F87FDD /* Release */,
			);
			defaultConfigurationIsVisible = 0;
		};
/* End XCConfigurationList section */

/* Begin XCVersionGroup section */
		D05BC806193F714100F87FDD /* RaidPlanner.xcdatamodeld */ = {
			isa = XCVersionGroup;
			children = (
				D05BC807193F714100F87FDD /* RaidPlanner.xcdatamodel */,
			);
			currentVersion = D05BC807193F714100F87FDD /* RaidPlanner.xcdatamodel */;
			path = RaidPlanner.xcdatamodeld;
			sourceTree = "<group>";
			versionGroupType = wrapper.xcdatamodel;
		};
/* End XCVersionGroup section */
	};
	rootObject = D05BC7E4193F714100F87FDD /* Project object */;
}
